// !$*UTF8*$!
{
	archiveVersion = 1;
	classes = {
	};
	objectVersion = 56;
	objects = {

/* Begin PBXBuildFile section */
		CEE4DA552DCCEEFD0082AF68 /* AppDelegate.swift in Sources */ = {isa = PBXBuildFile; fileRef = CEE4DA542DCCEEFD0082AF68 /* AppDelegate.swift */; };
		CEE4DA572DCCEEFD0082AF68 /* SceneDelegate.swift in Sources */ = {isa = PBXBuildFile; fileRef = CEE4DA562DCCEEFD0082AF68 /* SceneDelegate.swift */; };
		CEE4DA592DCCEEFD0082AF68 /* LoginViewController.swift in Sources */ = {isa = PBXBuildFile; fileRef = CEE4DA582DCCEEFD0082AF68 /* LoginViewController.swift */; };
		CEE4DA5E2DCCEF000082AF68 /* Assets.xcassets in Resources */ = {isa = PBXBuildFile; fileRef = CEE4DA5D2DCCEF000082AF68 /* Assets.xcassets */; };
		CEE4DA612DCCEF000082AF68 /* LaunchScreen.storyboard in Resources */ = {isa = PBXBuildFile; fileRef = CEE4DA5F2DCCEF000082AF68 /* LaunchScreen.storyboard */; };
		CEE4DA692DCCF0410082AF68 /* GoogleService-Info.plist in Resources */ = {isa = PBXBuildFile; fileRef = CEE4DA682DCCF0410082AF68 /* GoogleService-Info.plist */; };
		CEE4DA6C2DCCF11A0082AF68 /* FirebaseAnalytics in Frameworks */ = {isa = PBXBuildFile; productRef = CEE4DA6B2DCCF11A0082AF68 /* FirebaseAnalytics */; };
		CEE4DA6E2DCCF11A0082AF68 /* FirebaseAuth in Frameworks */ = {isa = PBXBuildFile; productRef = CEE4DA6D2DCCF11A0082AF68 /* FirebaseAuth */; };
		CEE4DA702DCCF11A0082AF68 /* FirebaseFirestore in Frameworks */ = {isa = PBXBuildFile; productRef = CEE4DA6F2DCCF11A0082AF68 /* FirebaseFirestore */; };
		CEE4DA722DCCF11A0082AF68 /* FirebaseStorage in Frameworks */ = {isa = PBXBuildFile; productRef = CEE4DA712DCCF11A0082AF68 /* FirebaseStorage */; };
		CEE4DA742DCCF11A0082AF68 /* FirebaseVertexAI-Preview in Frameworks */ = {isa = PBXBuildFile; productRef = CEE4DA732DCCF11A0082AF68 /* FirebaseVertexAI-Preview */; };
		CEE4DAAE2DCE225E0082AF68 /* SnapKit in Frameworks */ = {isa = PBXBuildFile; productRef = CEE4DAAD2DCE225E0082AF68 /* SnapKit */; };
		CEE4DAB02DCE225E0082AF68 /* SnapKit-Dynamic in Frameworks */ = {isa = PBXBuildFile; productRef = CEE4DAAF2DCE225E0082AF68 /* SnapKit-Dynamic */; };
		CEE4DAB32DCE24220082AF68 /* RegisterViewController.swift in Sources */ = {isa = PBXBuildFile; fileRef = CEE4DAB22DCE24220082AF68 /* RegisterViewController.swift */; };
		CEE4DAB52DCE26770082AF68 /* FeedViewController.swift in Sources */ = {isa = PBXBuildFile; fileRef = CEE4DAB42DCE26770082AF68 /* FeedViewController.swift */; };
		CEE4DAB72DCE26A40082AF68 /* UploadViewController.swift in Sources */ = {isa = PBXBuildFile; fileRef = CEE4DAB62DCE26A40082AF68 /* UploadViewController.swift */; };
		CEE4DAB92DCE26D30082AF68 /* SettingsViewController.swift in Sources */ = {isa = PBXBuildFile; fileRef = CEE4DAB82DCE26D20082AF68 /* SettingsViewController.swift */; };
		CEE4DABD2DD092960082AF68 /* ReelPostCell.swift in Sources */ = {isa = PBXBuildFile; fileRef = CEE4DABC2DD092960082AF68 /* ReelPostCell.swift */; };
		CEE4DAC02DD09F6B0082AF68 /* SDWebImage in Frameworks */ = {isa = PBXBuildFile; productRef = CEE4DABF2DD09F6B0082AF68 /* SDWebImage */; };
		CEE4DAC22DD09F6B0082AF68 /* SDWebImageMapKit in Frameworks */ = {isa = PBXBuildFile; productRef = CEE4DAC12DD09F6B0082AF68 /* SDWebImageMapKit */; };
		CEE4DAC52DD0CA1C0082AF68 /* Methods+ext.swift in Sources */ = {isa = PBXBuildFile; fileRef = CEE4DAC42DD0CA1C0082AF68 /* Methods+ext.swift */; };
		CEE4DAC82DD0CE560082AF68 /* Post.swift in Sources */ = {isa = PBXBuildFile; fileRef = CEE4DAC72DD0CE560082AF68 /* Post.swift */; };
		CEE4DACB2DD28E100082AF68 /* MainTabBarController.swift in Sources */ = {isa = PBXBuildFile; fileRef = CEE4DACA2DD28E100082AF68 /* MainTabBarController.swift */; };
/* End PBXBuildFile section */

/* Begin PBXFileReference section */
		CE42393B2DD4B58200C6B228 /* .gitignore.md */ = {isa = PBXFileReference; lastKnownFileType = net.daringfireball.markdown; path = .gitignore.md; sourceTree = "<group>"; };
		CEE4DA512DCCEEFD0082AF68 /* InstagramFirebase.app */ = {isa = PBXFileReference; explicitFileType = wrapper.application; includeInIndex = 0; path = InstagramFirebase.app; sourceTree = BUILT_PRODUCTS_DIR; };
		CEE4DA542DCCEEFD0082AF68 /* AppDelegate.swift */ = {isa = PBXFileReference; lastKnownFileType = sourcecode.swift; path = AppDelegate.swift; sourceTree = "<group>"; };
		CEE4DA562DCCEEFD0082AF68 /* SceneDelegate.swift */ = {isa = PBXFileReference; lastKnownFileType = sourcecode.swift; path = SceneDelegate.swift; sourceTree = "<group>"; };
		CEE4DA582DCCEEFD0082AF68 /* LoginViewController.swift */ = {isa = PBXFileReference; lastKnownFileType = sourcecode.swift; path = LoginViewController.swift; sourceTree = "<group>"; };
		CEE4DA5D2DCCEF000082AF68 /* Assets.xcassets */ = {isa = PBXFileReference; lastKnownFileType = folder.assetcatalog; path = Assets.xcassets; sourceTree = "<group>"; };
		CEE4DA602DCCEF000082AF68 /* Base */ = {isa = PBXFileReference; lastKnownFileType = file.storyboard; name = Base; path = Base.lproj/LaunchScreen.storyboard; sourceTree = "<group>"; };
		CEE4DA622DCCEF000082AF68 /* Info.plist */ = {isa = PBXFileReference; lastKnownFileType = text.plist.xml; path = Info.plist; sourceTree = "<group>"; };
		CEE4DA682DCCF0410082AF68 /* GoogleService-Info.plist */ = {isa = PBXFileReference; fileEncoding = 4; lastKnownFileType = text.plist.xml; path = "GoogleService-Info.plist"; sourceTree = "<group>"; };
		CEE4DAB22DCE24220082AF68 /* RegisterViewController.swift */ = {isa = PBXFileReference; lastKnownFileType = sourcecode.swift; path = RegisterViewController.swift; sourceTree = "<group>"; };
		CEE4DAB42DCE26770082AF68 /* FeedViewController.swift */ = {isa = PBXFileReference; lastKnownFileType = sourcecode.swift; path = FeedViewController.swift; sourceTree = "<group>"; };
		CEE4DAB62DCE26A40082AF68 /* UploadViewController.swift */ = {isa = PBXFileReference; lastKnownFileType = sourcecode.swift; path = UploadViewController.swift; sourceTree = "<group>"; };
		CEE4DAB82DCE26D20082AF68 /* SettingsViewController.swift */ = {isa = PBXFileReference; lastKnownFileType = sourcecode.swift; path = SettingsViewController.swift; sourceTree = "<group>"; };
		CEE4DABC2DD092960082AF68 /* ReelPostCell.swift */ = {isa = PBXFileReference; lastKnownFileType = sourcecode.swift; path = ReelPostCell.swift; sourceTree = "<group>"; };
		CEE4DAC42DD0CA1C0082AF68 /* Methods+ext.swift */ = {isa = PBXFileReference; lastKnownFileType = sourcecode.swift; path = "Methods+ext.swift"; sourceTree = "<group>"; };
		CEE4DAC72DD0CE560082AF68 /* Post.swift */ = {isa = PBXFileReference; lastKnownFileType = sourcecode.swift; path = Post.swift; sourceTree = "<group>"; };
		CEE4DACA2DD28E100082AF68 /* MainTabBarController.swift */ = {isa = PBXFileReference; lastKnownFileType = sourcecode.swift; path = MainTabBarController.swift; sourceTree = "<group>"; };
/* End PBXFileReference section */

/* Begin PBXFrameworksBuildPhase section */
		CEE4DA4E2DCCEEFD0082AF68 /* Frameworks */ = {
			isa = PBXFrameworksBuildPhase;
			buildActionMask = 2147483647;
			files = (
				CEE4DA742DCCF11A0082AF68 /* FirebaseVertexAI-Preview in Frameworks */,
				CEE4DAC22DD09F6B0082AF68 /* SDWebImageMapKit in Frameworks */,
				CEE4DA6C2DCCF11A0082AF68 /* FirebaseAnalytics in Frameworks */,
				CEE4DAC02DD09F6B0082AF68 /* SDWebImage in Frameworks */,
				CEE4DA722DCCF11A0082AF68 /* FirebaseStorage in Frameworks */,
				CEE4DAAE2DCE225E0082AF68 /* SnapKit in Frameworks */,
				CEE4DA6E2DCCF11A0082AF68 /* FirebaseAuth in Frameworks */,
				CEE4DAB02DCE225E0082AF68 /* SnapKit-Dynamic in Frameworks */,
				CEE4DA702DCCF11A0082AF68 /* FirebaseFirestore in Frameworks */,
			);
			runOnlyForDeploymentPostprocessing = 0;
		};
/* End PBXFrameworksBuildPhase section */

/* Begin PBXGroup section */
		CEE4DA482DCCEEFD0082AF68 = {
			isa = PBXGroup;
			children = (
				CE42393B2DD4B58200C6B228 /* .gitignore.md */,
				CEE4DA532DCCEEFD0082AF68 /* InstagramFirebase */,
				CEE4DA522DCCEEFD0082AF68 /* Products */,
			);
			sourceTree = "<group>";
		};
		CEE4DA522DCCEEFD0082AF68 /* Products */ = {
			isa = PBXGroup;
			children = (
				CEE4DA512DCCEEFD0082AF68 /* InstagramFirebase.app */,
			);
			name = Products;
			sourceTree = "<group>";
		};
		CEE4DA532DCCEEFD0082AF68 /* InstagramFirebase */ = {
			isa = PBXGroup;
			children = (
				CEE4DAC92DD28DFA0082AF68 /* Tabbar */,
				CEE4DAC62DD0CE410082AF68 /* POST */,
				CEE4DAC32DD0C9FC0082AF68 /* Ext */,
				CEE4DABB2DD0927D0082AF68 /* Cells */,
				CEE4DABA2DCE8D540082AF68 /* App */,
				CEE4DAB12DCE24040082AF68 /* Views */,
				CEE4DA5D2DCCEF000082AF68 /* Assets.xcassets */,
				CEE4DA5F2DCCEF000082AF68 /* LaunchScreen.storyboard */,
				CEE4DA622DCCEF000082AF68 /* Info.plist */,
				CEE4DA682DCCF0410082AF68 /* GoogleService-Info.plist */,
			);
			path = InstagramFirebase;
			sourceTree = "<group>";
		};
		CEE4DAB12DCE24040082AF68 /* Views */ = {
			isa = PBXGroup;
			children = (
				CEE4DA582DCCEEFD0082AF68 /* LoginViewController.swift */,
				CEE4DAB22DCE24220082AF68 /* RegisterViewController.swift */,
				CEE4DAB42DCE26770082AF68 /* FeedViewController.swift */,
				CEE4DAB62DCE26A40082AF68 /* UploadViewController.swift */,
				CEE4DAB82DCE26D20082AF68 /* SettingsViewController.swift */,
			);
			path = Views;
			sourceTree = "<group>";
		};
		CEE4DABA2DCE8D540082AF68 /* App */ = {
			isa = PBXGroup;
			children = (
				CEE4DA542DCCEEFD0082AF68 /* AppDelegate.swift */,
				CEE4DA562DCCEEFD0082AF68 /* SceneDelegate.swift */,
			);
			path = App;
			sourceTree = "<group>";
		};
		CEE4DABB2DD0927D0082AF68 /* Cells */ = {
			isa = PBXGroup;
			children = (
				CEE4DABC2DD092960082AF68 /* ReelPostCell.swift */,
			);
			path = Cells;
			sourceTree = "<group>";
		};
		CEE4DAC32DD0C9FC0082AF68 /* Ext */ = {
			isa = PBXGroup;
			children = (
				CEE4DAC42DD0CA1C0082AF68 /* Methods+ext.swift */,
			);
			path = Ext;
			sourceTree = "<group>";
		};
		CEE4DAC62DD0CE410082AF68 /* POST */ = {
			isa = PBXGroup;
			children = (
				CEE4DAC72DD0CE560082AF68 /* Post.swift */,
			);
			path = POST;
			sourceTree = "<group>";
		};
		CEE4DAC92DD28DFA0082AF68 /* Tabbar */ = {
			isa = PBXGroup;
			children = (
				CEE4DACA2DD28E100082AF68 /* MainTabBarController.swift */,
			);
			path = Tabbar;
			sourceTree = "<group>";
		};
/* End PBXGroup section */

/* Begin PBXNativeTarget section */
		CEE4DA502DCCEEFD0082AF68 /* InstagramFirebase */ = {
			isa = PBXNativeTarget;
			buildConfigurationList = CEE4DA652DCCEF000082AF68 /* Build configuration list for PBXNativeTarget "InstagramFirebase" */;
			buildPhases = (
				CEE4DA4D2DCCEEFD0082AF68 /* Sources */,
				CEE4DA4E2DCCEEFD0082AF68 /* Frameworks */,
				CEE4DA4F2DCCEEFD0082AF68 /* Resources */,
			);
			buildRules = (
			);
			dependencies = (
			);
			name = InstagramFirebase;
			packageProductDependencies = (
				CEE4DA6B2DCCF11A0082AF68 /* FirebaseAnalytics */,
				CEE4DA6D2DCCF11A0082AF68 /* FirebaseAuth */,
				CEE4DA6F2DCCF11A0082AF68 /* FirebaseFirestore */,
				CEE4DA712DCCF11A0082AF68 /* FirebaseStorage */,
				CEE4DA732DCCF11A0082AF68 /* FirebaseVertexAI-Preview */,
				CEE4DAAD2DCE225E0082AF68 /* SnapKit */,
				CEE4DAAF2DCE225E0082AF68 /* SnapKit-Dynamic */,
				CEE4DABF2DD09F6B0082AF68 /* SDWebImage */,
				CEE4DAC12DD09F6B0082AF68 /* SDWebImageMapKit */,
			);
			productName = InstagramFirebase;
			productReference = CEE4DA512DCCEEFD0082AF68 /* InstagramFirebase.app */;
			productType = "com.apple.product-type.application";
		};
/* End PBXNativeTarget section */

/* Begin PBXProject section */
		CEE4DA492DCCEEFD0082AF68 /* Project object */ = {
			isa = PBXProject;
			attributes = {
				BuildIndependentTargetsInParallel = 1;
				LastSwiftUpdateCheck = 1520;
				LastUpgradeCheck = 1520;
				TargetAttributes = {
					CEE4DA502DCCEEFD0082AF68 = {
						CreatedOnToolsVersion = 15.2;
					};
				};
			};
			buildConfigurationList = CEE4DA4C2DCCEEFD0082AF68 /* Build configuration list for PBXProject "InstagramFirebase" */;
			compatibilityVersion = "Xcode 14.0";
			developmentRegion = en;
			hasScannedForEncodings = 0;
			knownRegions = (
				en,
				Base,
			);
			mainGroup = CEE4DA482DCCEEFD0082AF68;
			packageReferences = (
				CEE4DA6A2DCCF11A0082AF68 /* XCRemoteSwiftPackageReference "firebase-ios-sdk" */,
				CEE4DAAC2DCE225D0082AF68 /* XCRemoteSwiftPackageReference "SnapKit" */,
				CEE4DABE2DD09F6B0082AF68 /* XCRemoteSwiftPackageReference "SDWebImage" */,
			);
			productRefGroup = CEE4DA522DCCEEFD0082AF68 /* Products */;
			projectDirPath = "";
			projectRoot = "";
			targets = (
				CEE4DA502DCCEEFD0082AF68 /* InstagramFirebase */,
			);
		};
/* End PBXProject section */

/* Begin PBXResourcesBuildPhase section */
		CEE4DA4F2DCCEEFD0082AF68 /* Resources */ = {
			isa = PBXResourcesBuildPhase;
			buildActionMask = 2147483647;
			files = (
				CEE4DA612DCCEF000082AF68 /* LaunchScreen.storyboard in Resources */,
				CEE4DA692DCCF0410082AF68 /* GoogleService-Info.plist in Resources */,
				CEE4DA5E2DCCEF000082AF68 /* Assets.xcassets in Resources */,
			);
			runOnlyForDeploymentPostprocessing = 0;
		};
/* End PBXResourcesBuildPhase section */

/* Begin PBXSourcesBuildPhase section */
		CEE4DA4D2DCCEEFD0082AF68 /* Sources */ = {
			isa = PBXSourcesBuildPhase;
			buildActionMask = 2147483647;
			files = (
				CEE4DA592DCCEEFD0082AF68 /* LoginViewController.swift in Sources */,
				CEE4DAB72DCE26A40082AF68 /* UploadViewController.swift in Sources */,
				CEE4DACB2DD28E100082AF68 /* MainTabBarController.swift in Sources */,
				CEE4DAB92DCE26D30082AF68 /* SettingsViewController.swift in Sources */,
				CEE4DABD2DD092960082AF68 /* ReelPostCell.swift in Sources */,
				CEE4DA552DCCEEFD0082AF68 /* AppDelegate.swift in Sources */,
				CEE4DAC52DD0CA1C0082AF68 /* Methods+ext.swift in Sources */,
				CEE4DAB52DCE26770082AF68 /* FeedViewController.swift in Sources */,
				CEE4DA572DCCEEFD0082AF68 /* SceneDelegate.swift in Sources */,
				CEE4DAB32DCE24220082AF68 /* RegisterViewController.swift in Sources */,
				CEE4DAC82DD0CE560082AF68 /* Post.swift in Sources */,
			);
			runOnlyForDeploymentPostprocessing = 0;
		};
/* End PBXSourcesBuildPhase section */

/* Begin PBXVariantGroup section */
		CEE4DA5F2DCCEF000082AF68 /* LaunchScreen.storyboard */ = {
			isa = PBXVariantGroup;
			children = (
				CEE4DA602DCCEF000082AF68 /* Base */,
			);
			name = LaunchScreen.storyboard;
			sourceTree = "<group>";
		};
/* End PBXVariantGroup section */

/* Begin XCBuildConfiguration section */
		CEE4DA632DCCEF000082AF68 /* Debug */ = {
			isa = XCBuildConfiguration;
			buildSettings = {
				ALWAYS_SEARCH_USER_PATHS = NO;
				ASSETCATALOG_COMPILER_GENERATE_SWIFT_ASSET_SYMBOL_EXTENSIONS = YES;
				CLANG_ANALYZER_NONNULL = YES;
				CLANG_ANALYZER_NUMBER_OBJECT_CONVERSION = YES_AGGRESSIVE;
				CLANG_CXX_LANGUAGE_STANDARD = "gnu++20";
				CLANG_ENABLE_MODULES = YES;
				CLANG_ENABLE_OBJC_ARC = YES;
				CLANG_ENABLE_OBJC_WEAK = YES;
				CLANG_WARN_BLOCK_CAPTURE_AUTORELEASING = YES;
				CLANG_WARN_BOOL_CONVERSION = YES;
				CLANG_WARN_COMMA = YES;
				CLANG_WARN_CONSTANT_CONVERSION = YES;
				CLANG_WARN_DEPRECATED_OBJC_IMPLEMENTATIONS = YES;
				CLANG_WARN_DIRECT_OBJC_ISA_USAGE = YES_ERROR;
				CLANG_WARN_DOCUMENTATION_COMMENTS = YES;
				CLANG_WARN_EMPTY_BODY = YES;
				CLANG_WARN_ENUM_CONVERSION = YES;
				CLANG_WARN_INFINITE_RECURSION = YES;
				CLANG_WARN_INT_CONVERSION = YES;
				CLANG_WARN_NON_LITERAL_NULL_CONVERSION = YES;
				CLANG_WARN_OBJC_IMPLICIT_RETAIN_SELF = YES;
				CLANG_WARN_OBJC_LITERAL_CONVERSION = YES;
				CLANG_WARN_OBJC_ROOT_CLASS = YES_ERROR;
				CLANG_WARN_QUOTED_INCLUDE_IN_FRAMEWORK_HEADER = YES;
				CLANG_WARN_RANGE_LOOP_ANALYSIS = YES;
				CLANG_WARN_STRICT_PROTOTYPES = YES;
				CLANG_WARN_SUSPICIOUS_MOVE = YES;
				CLANG_WARN_UNGUARDED_AVAILABILITY = YES_AGGRESSIVE;
				CLANG_WARN_UNREACHABLE_CODE = YES;
				CLANG_WARN__DUPLICATE_METHOD_MATCH = YES;
				COPY_PHASE_STRIP = NO;
				DEBUG_INFORMATION_FORMAT = dwarf;
				ENABLE_STRICT_OBJC_MSGSEND = YES;
				ENABLE_TESTABILITY = YES;
				ENABLE_USER_SCRIPT_SANDBOXING = YES;
				GCC_C_LANGUAGE_STANDARD = gnu17;
				GCC_DYNAMIC_NO_PIC = NO;
				GCC_NO_COMMON_BLOCKS = YES;
				GCC_OPTIMIZATION_LEVEL = 0;
				GCC_PREPROCESSOR_DEFINITIONS = (
					"DEBUG=1",
					"$(inherited)",
				);
				GCC_WARN_64_TO_32_BIT_CONVERSION = YES;
				GCC_WARN_ABOUT_RETURN_TYPE = YES_ERROR;
				GCC_WARN_UNDECLARED_SELECTOR = YES;
				GCC_WARN_UNINITIALIZED_AUTOS = YES_AGGRESSIVE;
				GCC_WARN_UNUSED_FUNCTION = YES;
				GCC_WARN_UNUSED_VARIABLE = YES;
				IPHONEOS_DEPLOYMENT_TARGET = 17.2;
				LOCALIZATION_PREFERS_STRING_CATALOGS = YES;
				MTL_ENABLE_DEBUG_INFO = INCLUDE_SOURCE;
				MTL_FAST_MATH = YES;
				ONLY_ACTIVE_ARCH = YES;
				SDKROOT = iphoneos;
				SWIFT_ACTIVE_COMPILATION_CONDITIONS = "DEBUG $(inherited)";
				SWIFT_OPTIMIZATION_LEVEL = "-Onone";
			};
			name = Debug;
		};
		CEE4DA642DCCEF000082AF68 /* Release */ = {
			isa = XCBuildConfiguration;
			buildSettings = {
				ALWAYS_SEARCH_USER_PATHS = NO;
				ASSETCATALOG_COMPILER_GENERATE_SWIFT_ASSET_SYMBOL_EXTENSIONS = YES;
				CLANG_ANALYZER_NONNULL = YES;
				CLANG_ANALYZER_NUMBER_OBJECT_CONVERSION = YES_AGGRESSIVE;
				CLANG_CXX_LANGUAGE_STANDARD = "gnu++20";
				CLANG_ENABLE_MODULES = YES;
				CLANG_ENABLE_OBJC_ARC = YES;
				CLANG_ENABLE_OBJC_WEAK = YES;
				CLANG_WARN_BLOCK_CAPTURE_AUTORELEASING = YES;
				CLANG_WARN_BOOL_CONVERSION = YES;
				CLANG_WARN_COMMA = YES;
				CLANG_WARN_CONSTANT_CONVERSION = YES;
				CLANG_WARN_DEPRECATED_OBJC_IMPLEMENTATIONS = YES;
				CLANG_WARN_DIRECT_OBJC_ISA_USAGE = YES_ERROR;
				CLANG_WARN_DOCUMENTATION_COMMENTS = YES;
				CLANG_WARN_EMPTY_BODY = YES;
				CLANG_WARN_ENUM_CONVERSION = YES;
				CLANG_WARN_INFINITE_RECURSION = YES;
				CLANG_WARN_INT_CONVERSION = YES;
				CLANG_WARN_NON_LITERAL_NULL_CONVERSION = YES;
				CLANG_WARN_OBJC_IMPLICIT_RETAIN_SELF = YES;
				CLANG_WARN_OBJC_LITERAL_CONVERSION = YES;
				CLANG_WARN_OBJC_ROOT_CLASS = YES_ERROR;
				CLANG_WARN_QUOTED_INCLUDE_IN_FRAMEWORK_HEADER = YES;
				CLANG_WARN_RANGE_LOOP_ANALYSIS = YES;
				CLANG_WARN_STRICT_PROTOTYPES = YES;
				CLANG_WARN_SUSPICIOUS_MOVE = YES;
				CLANG_WARN_UNGUARDED_AVAILABILITY = YES_AGGRESSIVE;
				CLANG_WARN_UNREACHABLE_CODE = YES;
				CLANG_WARN__DUPLICATE_METHOD_MATCH = YES;
				COPY_PHASE_STRIP = NO;
				DEBUG_INFORMATION_FORMAT = "dwarf-with-dsym";
				ENABLE_NS_ASSERTIONS = NO;
				ENABLE_STRICT_OBJC_MSGSEND = YES;
				ENABLE_USER_SCRIPT_SANDBOXING = YES;
				GCC_C_LANGUAGE_STANDARD = gnu17;
				GCC_NO_COMMON_BLOCKS = YES;
				GCC_WARN_64_TO_32_BIT_CONVERSION = YES;
				GCC_WARN_ABOUT_RETURN_TYPE = YES_ERROR;
				GCC_WARN_UNDECLARED_SELECTOR = YES;
				GCC_WARN_UNINITIALIZED_AUTOS = YES_AGGRESSIVE;
				GCC_WARN_UNUSED_FUNCTION = YES;
				GCC_WARN_UNUSED_VARIABLE = YES;
				IPHONEOS_DEPLOYMENT_TARGET = 17.2;
				LOCALIZATION_PREFERS_STRING_CATALOGS = YES;
				MTL_ENABLE_DEBUG_INFO = NO;
				MTL_FAST_MATH = YES;
				SDKROOT = iphoneos;
				SWIFT_COMPILATION_MODE = wholemodule;
				VALIDATE_PRODUCT = YES;
			};
			name = Release;
		};
		CEE4DA662DCCEF000082AF68 /* Debug */ = {
			isa = XCBuildConfiguration;
			buildSettings = {
				ASSETCATALOG_COMPILER_APPICON_NAME = AppIcon;
				ASSETCATALOG_COMPILER_GLOBAL_ACCENT_COLOR_NAME = AccentColor;
				CODE_SIGN_STYLE = Automatic;
				CURRENT_PROJECT_VERSION = 1;
				GENERATE_INFOPLIST_FILE = YES;
				INFOPLIST_FILE = InstagramFirebase/Info.plist;
				INFOPLIST_KEY_UIApplicationSupportsIndirectInputEvents = YES;
				INFOPLIST_KEY_UILaunchStoryboardName = LaunchScreen;
				INFOPLIST_KEY_UISupportedInterfaceOrientations_iPad = "UIInterfaceOrientationPortrait UIInterfaceOrientationPortraitUpsideDown UIInterfaceOrientationLandscapeLeft UIInterfaceOrientationLandscapeRight";
				INFOPLIST_KEY_UISupportedInterfaceOrientations_iPhone = "UIInterfaceOrientationPortrait UIInterfaceOrientationLandscapeLeft UIInterfaceOrientationLandscapeRight";
				LD_RUNPATH_SEARCH_PATHS = (
					"$(inherited)",
					"@executable_path/Frameworks",
				);
				MARKETING_VERSION = 1.0;
				PRODUCT_BUNDLE_IDENTIFIER = com.gunelbalayeva.InstagramFirebase;
				PRODUCT_NAME = "$(TARGET_NAME)";
				SWIFT_EMIT_LOC_STRINGS = YES;
				SWIFT_VERSION = 5.0;
				TARGETED_DEVICE_FAMILY = "1,2";
			};
			name = Debug;
		};
		CEE4DA672DCCEF000082AF68 /* Release */ = {
			isa = XCBuildConfiguration;
			buildSettings = {
				ASSETCATALOG_COMPILER_APPICON_NAME = AppIcon;
				ASSETCATALOG_COMPILER_GLOBAL_ACCENT_COLOR_NAME = AccentColor;
				CODE_SIGN_STYLE = Automatic;
				CURRENT_PROJECT_VERSION = 1;
				GENERATE_INFOPLIST_FILE = YES;
				INFOPLIST_FILE = InstagramFirebase/Info.plist;
				INFOPLIST_KEY_UIApplicationSupportsIndirectInputEvents = YES;
				INFOPLIST_KEY_UILaunchStoryboardName = LaunchScreen;
				INFOPLIST_KEY_UISupportedInterfaceOrientations_iPad = "UIInterfaceOrientationPortrait UIInterfaceOrientationPortraitUpsideDown UIInterfaceOrientationLandscapeLeft UIInterfaceOrientationLandscapeRight";
				INFOPLIST_KEY_UISupportedInterfaceOrientations_iPhone = "UIInterfaceOrientationPortrait UIInterfaceOrientationLandscapeLeft UIInterfaceOrientationLandscapeRight";
				LD_RUNPATH_SEARCH_PATHS = (
					"$(inherited)",
					"@executable_path/Frameworks",
				);
				MARKETING_VERSION = 1.0;
				PRODUCT_BUNDLE_IDENTIFIER = com.gunelbalayeva.InstagramFirebase;
				PRODUCT_NAME = "$(TARGET_NAME)";
				SWIFT_EMIT_LOC_STRINGS = YES;
				SWIFT_VERSION = 5.0;
				TARGETED_DEVICE_FAMILY = "1,2";
			};
			name = Release;
		};
/* End XCBuildConfiguration section */

/* Begin XCConfigurationList section */
		CEE4DA4C2DCCEEFD0082AF68 /* Build configuration list for PBXProject "InstagramFirebase" */ = {
			isa = XCConfigurationList;
			buildConfigurations = (
				CEE4DA632DCCEF000082AF68 /* Debug */,
				CEE4DA642DCCEF000082AF68 /* Release */,
			);
			defaultConfigurationIsVisible = 0;
			defaultConfigurationName = Release;
		};
		CEE4DA652DCCEF000082AF68 /* Build configuration list for PBXNativeTarget "InstagramFirebase" */ = {
			isa = XCConfigurationList;
			buildConfigurations = (
				CEE4DA662DCCEF000082AF68 /* Debug */,
				CEE4DA672DCCEF000082AF68 /* Release */,
			);
			defaultConfigurationIsVisible = 0;
			defaultConfigurationName = Release;
		};
/* End XCConfigurationList section */

/* Begin XCRemoteSwiftPackageReference section */
		CEE4DA6A2DCCF11A0082AF68 /* XCRemoteSwiftPackageReference "firebase-ios-sdk" */ = {
			isa = XCRemoteSwiftPackageReference;
			repositoryURL = "https://github.com/firebase/firebase-ios-sdk";
			requirement = {
				kind = upToNextMajorVersion;
				minimumVersion = 10.12.0;
			};
		};
		CEE4DAAC2DCE225D0082AF68 /* XCRemoteSwiftPackageReference "SnapKit" */ = {
			isa = XCRemoteSwiftPackageReference;
			repositoryURL = "https://github.com/SnapKit/SnapKit.git";
			requirement = {
				kind = upToNextMajorVersion;
				minimumVersion = 5.7.1;
			};
		};
		CEE4DABE2DD09F6B0082AF68 /* XCRemoteSwiftPackageReference "SDWebImage" */ = {
			isa = XCRemoteSwiftPackageReference;
			repositoryURL = "https://github.com/SDWebImage/SDWebImage";
			requirement = {
				kind = upToNextMajorVersion;
				minimumVersion = 5.21.0;
			};
		};
/* End XCRemoteSwiftPackageReference section */

/* Begin XCSwiftPackageProductDependency section */
		CEE4DA6B2DCCF11A0082AF68 /* FirebaseAnalytics */ = {
			isa = XCSwiftPackageProductDependency;
			package = CEE4DA6A2DCCF11A0082AF68 /* XCRemoteSwiftPackageReference "firebase-ios-sdk" */;
			productName = FirebaseAnalytics;
		};
		CEE4DA6D2DCCF11A0082AF68 /* FirebaseAuth */ = {
			isa = XCSwiftPackageProductDependency;
			package = CEE4DA6A2DCCF11A0082AF68 /* XCRemoteSwiftPackageReference "firebase-ios-sdk" */;
			productName = FirebaseAuth;
		};
		CEE4DA6F2DCCF11A0082AF68 /* FirebaseFirestore */ = {
			isa = XCSwiftPackageProductDependency;
			package = CEE4DA6A2DCCF11A0082AF68 /* XCRemoteSwiftPackageReference "firebase-ios-sdk" */;
			productName = FirebaseFirestore;
		};
		CEE4DA712DCCF11A0082AF68 /* FirebaseStorage */ = {
			isa = XCSwiftPackageProductDependency;
			package = CEE4DA6A2DCCF11A0082AF68 /* XCRemoteSwiftPackageReference "firebase-ios-sdk" */;
			productName = FirebaseStorage;
		};
		CEE4DA732DCCF11A0082AF68 /* FirebaseVertexAI-Preview */ = {
			isa = XCSwiftPackageProductDependency;
			package = CEE4DA6A2DCCF11A0082AF68 /* XCRemoteSwiftPackageReference "firebase-ios-sdk" */;
			productName = "FirebaseVertexAI-Preview";
		};
		CEE4DAAD2DCE225E0082AF68 /* SnapKit */ = {
			isa = XCSwiftPackageProductDependency;
			package = CEE4DAAC2DCE225D0082AF68 /* XCRemoteSwiftPackageReference "SnapKit" */;
			productName = SnapKit;
		};
		CEE4DAAF2DCE225E0082AF68 /* SnapKit-Dynamic */ = {
			isa = XCSwiftPackageProductDependency;
			package = CEE4DAAC2DCE225D0082AF68 /* XCRemoteSwiftPackageReference "SnapKit" */;
			productName = "SnapKit-Dynamic";
		};
		CEE4DABF2DD09F6B0082AF68 /* SDWebImage */ = {
			isa = XCSwiftPackageProductDependency;
			package = CEE4DABE2DD09F6B0082AF68 /* XCRemoteSwiftPackageReference "SDWebImage" */;
			productName = SDWebImage;
		};
		CEE4DAC12DD09F6B0082AF68 /* SDWebImageMapKit */ = {
			isa = XCSwiftPackageProductDependency;
			package = CEE4DABE2DD09F6B0082AF68 /* XCRemoteSwiftPackageReference "SDWebImage" */;
			productName = SDWebImageMapKit;
		};
/* End XCSwiftPackageProductDependency section */
	};
	rootObject = CEE4DA492DCCEEFD0082AF68 /* Project object */;
}
